
Microsoft Visual Studio Solution File, Format Version 12.00
# Visual Studio 15
VisualStudioVersion = 15.0.26403.7
MinimumVisualStudioVersion = 10.0.40219.1
Project("{2150E333-8FDC-42A3-9474-1A3956D46DE8}") = "Fonksiyonlar", "Fonksiyonlar", "{62FBD6BD-094C-4E89-8ECE-A7A44B89213F}"
EndProject
Project("{8BC9CEB8-8B4A-11D0-8D11-00A0C91BC942}") = "FonksiyonOrnek1", "5-Fonksiyonlar\FonksiyonOrnek1\fonksiyonornek1.vcxproj", "{F3AEB68C-7479-4520-A86C-3846373B2F9C}"
EndProject
Project("{8BC9CEB8-8B4A-11D0-8D11-00A0C91BC942}") = "FonksiyonOrnek2", "5-Fonksiyonlar\FonksiyonOrnek2\FonksiyonOrnek2.vcxproj", "{77371AFD-D913-4A75-B3C9-22B114AACEED}"
EndProject
Project("{8BC9CEB8-8B4A-11D0-8D11-00A0C91BC942}") = "Fonksiyon_call_by_value", "5-Fonksiyonlar\FonksiyonOrnek3\FonksiyonOrnek3.vcxproj", "{82C91BEC-5BA3-4FBC-A0DE-F82AEADB7436}"
EndProject
Project("{2150E333-8FDC-42A3-9474-1A3956D46DE8}") = "Pointers", "Pointers", "{E2065AD3-3603-479E-8F56-74D506617137}"
EndProject
Project("{8BC9CEB8-8B4A-11D0-8D11-00A0C91BC942}") = "isaretciler-1", "isaretciler\isaretciler1\fonksiyonornek1.vcxproj", "{40552734-49BA-4687-8507-15283BBD475F}"
EndProject
Project("{8BC9CEB8-8B4A-11D0-8D11-00A0C91BC942}") = "isaretciler-2", "isaretciler\isaretciler2\isaretciler2.vcxproj", "{EE978E9F-D1C2-4483-8BD1-05EB8C1FDEBD}"
EndProject
Project("{8BC9CEB8-8B4A-11D0-8D11-00A0C91BC942}") = "pointer_aritmetik", "isaretciler\isaretciler3\isaretci3.vcxproj", "{D689D4AD-5138-4FA5-8AAB-CA806BE80661}"
EndProject
Project("{8BC9CEB8-8B4A-11D0-8D11-00A0C91BC942}") = "isaretciler-4", "isaretciler\isaretciler4\pointer_aritmetik_2.vcxproj", "{ABB4A222-A457-4019-8CDD-99403E664932}"
EndProject
Project("{8BC9CEB8-8B4A-11D0-8D11-00A0C91BC942}") = "isaretciler-referans", "isaretciler\isaretciler5\pointer_fonksiyon.vcxproj", "{F9C1043C-411E-45AF-919D-79918010A096}"
EndProject
Project("{8BC9CEB8-8B4A-11D0-8D11-00A0C91BC942}") = "pointer_aritmetik2", "isaretciler\isaretciler6\Pointer_fonksiyon2.vcxproj", "{443D3C5C-F0A6-4FFD-81B8-9FDC29A5C8D5}"
EndProject
Project("{8BC9CEB8-8B4A-11D0-8D11-00A0C91BC942}") = "isaretciler-siralama", "isaretciler\isaretciler7\pointers7.vcxproj", "{61F92A74-2677-4010-85B5-FF53F2838186}"
EndProject
Project("{2150E333-8FDC-42A3-9474-1A3956D46DE8}") = "Diziler", "Diziler", "{17656A28-A308-4370-9F4C-F16BB328FA17}"
EndProject
Project("{2150E333-8FDC-42A3-9474-1A3956D46DE8}") = "Yapilar", "Yapilar", "{6EBD8DEE-6968-4C15-A481-F0BF736C096C}"
EndProject
Project("{8BC9CEB8-8B4A-11D0-8D11-00A0C91BC942}") = "Yapilar1", "yapilar\Yapilar1\yapilar1.vcxproj", "{049657CC-CFE0-408B-9B4C-30906F6D42F6}"
EndProject
Project("{8BC9CEB8-8B4A-11D0-8D11-00A0C91BC942}") = "Yapilar2", "yapilar\Yapilar2\yapilar2.vcxproj", "{3A538B58-E4B0-49AB-B2CB-7E94EB581D8D}"
EndProject
Project("{8BC9CEB8-8B4A-11D0-8D11-00A0C91BC942}") = "Yapilar3", "yapilar\Yapilar3\yapilar3.vcxproj", "{E1248212-73F0-4483-A33D-E5CA23CB1D62}"
EndProject
Project("{8BC9CEB8-8B4A-11D0-8D11-00A0C91BC942}") = "Diziler-1", "2-Diziler\diziler1\diziler1.vcxproj", "{1A2DF1B6-5FCB-49D2-9028-D6E7EBAC6E99}"
EndProject
Project("{8BC9CEB8-8B4A-11D0-8D11-00A0C91BC942}") = "Diziler-2", "2-Diziler\diziler2\diziler2.vcxproj", "{12A2A904-3A0F-4DDD-BFAD-773775B4214D}"
EndProject
Project("{8BC9CEB8-8B4A-11D0-8D11-00A0C91BC942}") = "Diziler-3", "2-Diziler\diziler3\diziler3.vcxproj", "{B1CCFB0D-D24B-40D8-8B7F-FAEDC678E17C}"
EndProject
Project("{8BC9CEB8-8B4A-11D0-8D11-00A0C91BC942}") = "Diziler-4", "2-Diziler\diziler4\diziler4.vcxproj", "{04F941F7-A038-48F5-AFDA-67135E543CF5}"
EndProject
Project("{8BC9CEB8-8B4A-11D0-8D11-00A0C91BC942}") = "Diziler-5", "2-Diziler\diziler5\diziler5.vcxproj", "{403E517C-A53B-4D93-9403-F6E4C41A3D46}"
EndProject
Project("{2150E333-8FDC-42A3-9474-1A3956D46DE8}") = "Degiskenler", "Degiskenler", "{716903D9-7F07-4D36-81DA-5162058A0E1B}"
EndProject
Project("{8BC9CEB8-8B4A-11D0-8D11-00A0C91BC942}") = "Degiskenler1", "1-Giris\Degiskenler1\degiskenler1.vcxproj", "{DE26B2E2-A1B2-4A2E-A429-ABA5B2D57F4F}"
EndProject
Project("{8BC9CEB8-8B4A-11D0-8D11-00A0C91BC942}") = "Degiskenler2", "1-Giris\Degiskenler2\degiskenler2.vcxproj", "{4834619F-31F1-42F2-B69C-5586B4BDC0C0}"
EndProject
Project("{2150E333-8FDC-42A3-9474-1A3956D46DE8}") = "Operatorler", "Operatorler", "{4F0DA8D7-A046-4B0B-96CF-D89BAA41E5E3}"
EndProject
Project("{8BC9CEB8-8B4A-11D0-8D11-00A0C91BC942}") = "operatorler1", "1-Giris\Operatorler1\operatorler1.vcxproj", "{C326BE93-D4D3-4FA0-9EBF-A901A213D0CE}"
EndProject
Project("{8BC9CEB8-8B4A-11D0-8D11-00A0C91BC942}") = "operatorler2", "1-Giris\Operatorler2\operatorler2.vcxproj", "{792CACF2-A1B7-4C5C-B8FE-A820554EDCE9}"
EndProject
Project("{8BC9CEB8-8B4A-11D0-8D11-00A0C91BC942}") = "KarakterDegisken", "1-Giris\KarakterDegiskenler\karakterDegisken.vcxproj", "{3BC9F795-D404-407B-9664-F92241B27F5C}"
EndProject
Project("{8BC9CEB8-8B4A-11D0-8D11-00A0C91BC942}") = "Sabitler", "1-Giris\Sabitler\sabit.vcxproj", "{24434A30-EA37-4429-95C4-3CB53E0A123C}"
EndProject
Project("{8BC9CEB8-8B4A-11D0-8D11-00A0C91BC942}") = "matematik", "1-Giris\MatematikIslem\matematik1.vcxproj", "{0D929E2F-B526-4A17-A591-A8F404EFE1AE}"
EndProject
Global
	GlobalSection(SolutionConfigurationPlatforms) = preSolution
		Debug|x64 = Debug|x64
		Debug|x86 = Debug|x86
		Release|x64 = Release|x64
		Release|x86 = Release|x86
	EndGlobalSection
	GlobalSection(ProjectConfigurationPlatforms) = postSolution
		{F3AEB68C-7479-4520-A86C-3846373B2F9C}.Debug|x64.ActiveCfg = Debug|x64
		{F3AEB68C-7479-4520-A86C-3846373B2F9C}.Debug|x64.Build.0 = Debug|x64
		{F3AEB68C-7479-4520-A86C-3846373B2F9C}.Debug|x86.ActiveCfg = Debug|Win32
		{F3AEB68C-7479-4520-A86C-3846373B2F9C}.Debug|x86.Build.0 = Debug|Win32
		{F3AEB68C-7479-4520-A86C-3846373B2F9C}.Release|x64.ActiveCfg = Release|x64
		{F3AEB68C-7479-4520-A86C-3846373B2F9C}.Release|x64.Build.0 = Release|x64
		{F3AEB68C-7479-4520-A86C-3846373B2F9C}.Release|x86.ActiveCfg = Release|Win32
		{F3AEB68C-7479-4520-A86C-3846373B2F9C}.Release|x86.Build.0 = Release|Win32
		{77371AFD-D913-4A75-B3C9-22B114AACEED}.Debug|x64.ActiveCfg = Debug|x64
		{77371AFD-D913-4A75-B3C9-22B114AACEED}.Debug|x64.Build.0 = Debug|x64
		{77371AFD-D913-4A75-B3C9-22B114AACEED}.Debug|x86.ActiveCfg = Debug|Win32
		{77371AFD-D913-4A75-B3C9-22B114AACEED}.Debug|x86.Build.0 = Debug|Win32
		{77371AFD-D913-4A75-B3C9-22B114AACEED}.Release|x64.ActiveCfg = Release|x64
		{77371AFD-D913-4A75-B3C9-22B114AACEED}.Release|x64.Build.0 = Release|x64
		{77371AFD-D913-4A75-B3C9-22B114AACEED}.Release|x86.ActiveCfg = Release|Win32
		{77371AFD-D913-4A75-B3C9-22B114AACEED}.Release|x86.Build.0 = Release|Win32
		{82C91BEC-5BA3-4FBC-A0DE-F82AEADB7436}.Debug|x64.ActiveCfg = Debug|x64
		{82C91BEC-5BA3-4FBC-A0DE-F82AEADB7436}.Debug|x64.Build.0 = Debug|x64
		{82C91BEC-5BA3-4FBC-A0DE-F82AEADB7436}.Debug|x86.ActiveCfg = Debug|Win32
		{82C91BEC-5BA3-4FBC-A0DE-F82AEADB7436}.Debug|x86.Build.0 = Debug|Win32
		{82C91BEC-5BA3-4FBC-A0DE-F82AEADB7436}.Release|x64.ActiveCfg = Release|x64
		{82C91BEC-5BA3-4FBC-A0DE-F82AEADB7436}.Release|x64.Build.0 = Release|x64
		{82C91BEC-5BA3-4FBC-A0DE-F82AEADB7436}.Release|x86.ActiveCfg = Release|Win32
		{82C91BEC-5BA3-4FBC-A0DE-F82AEADB7436}.Release|x86.Build.0 = Release|Win32
		{40552734-49BA-4687-8507-15283BBD475F}.Debug|x64.ActiveCfg = Debug|x64
		{40552734-49BA-4687-8507-15283BBD475F}.Debug|x64.Build.0 = Debug|x64
		{40552734-49BA-4687-8507-15283BBD475F}.Debug|x86.ActiveCfg = Debug|Win32
		{40552734-49BA-4687-8507-15283BBD475F}.Debug|x86.Build.0 = Debug|Win32
		{40552734-49BA-4687-8507-15283BBD475F}.Release|x64.ActiveCfg = Release|x64
		{40552734-49BA-4687-8507-15283BBD475F}.Release|x64.Build.0 = Release|x64
		{40552734-49BA-4687-8507-15283BBD475F}.Release|x86.ActiveCfg = Release|Win32
		{40552734-49BA-4687-8507-15283BBD475F}.Release|x86.Build.0 = Release|Win32
		{EE978E9F-D1C2-4483-8BD1-05EB8C1FDEBD}.Debug|x64.ActiveCfg = Debug|x64
		{EE978E9F-D1C2-4483-8BD1-05EB8C1FDEBD}.Debug|x64.Build.0 = Debug|x64
		{EE978E9F-D1C2-4483-8BD1-05EB8C1FDEBD}.Debug|x86.ActiveCfg = Debug|Win32
		{EE978E9F-D1C2-4483-8BD1-05EB8C1FDEBD}.Debug|x86.Build.0 = Debug|Win32
		{EE978E9F-D1C2-4483-8BD1-05EB8C1FDEBD}.Release|x64.ActiveCfg = Release|x64
		{EE978E9F-D1C2-4483-8BD1-05EB8C1FDEBD}.Release|x64.Build.0 = Release|x64
		{EE978E9F-D1C2-4483-8BD1-05EB8C1FDEBD}.Release|x86.ActiveCfg = Release|Win32
		{EE978E9F-D1C2-4483-8BD1-05EB8C1FDEBD}.Release|x86.Build.0 = Release|Win32
		{D689D4AD-5138-4FA5-8AAB-CA806BE80661}.Debug|x64.ActiveCfg = Debug|x64
		{D689D4AD-5138-4FA5-8AAB-CA806BE80661}.Debug|x64.Build.0 = Debug|x64
		{D689D4AD-5138-4FA5-8AAB-CA806BE80661}.Debug|x86.ActiveCfg = Debug|Win32
		{D689D4AD-5138-4FA5-8AAB-CA806BE80661}.Debug|x86.Build.0 = Debug|Win32
		{D689D4AD-5138-4FA5-8AAB-CA806BE80661}.Release|x64.ActiveCfg = Release|x64
		{D689D4AD-5138-4FA5-8AAB-CA806BE80661}.Release|x64.Build.0 = Release|x64
		{D689D4AD-5138-4FA5-8AAB-CA806BE80661}.Release|x86.ActiveCfg = Release|Win32
		{D689D4AD-5138-4FA5-8AAB-CA806BE80661}.Release|x86.Build.0 = Release|Win32
		{ABB4A222-A457-4019-8CDD-99403E664932}.Debug|x64.ActiveCfg = Debug|x64
		{ABB4A222-A457-4019-8CDD-99403E664932}.Debug|x64.Build.0 = Debug|x64
		{ABB4A222-A457-4019-8CDD-99403E664932}.Debug|x86.ActiveCfg = Debug|Win32
		{ABB4A222-A457-4019-8CDD-99403E664932}.Debug|x86.Build.0 = Debug|Win32
		{ABB4A222-A457-4019-8CDD-99403E664932}.Release|x64.ActiveCfg = Release|x64
		{ABB4A222-A457-4019-8CDD-99403E664932}.Release|x64.Build.0 = Release|x64
		{ABB4A222-A457-4019-8CDD-99403E664932}.Release|x86.ActiveCfg = Release|Win32
		{ABB4A222-A457-4019-8CDD-99403E664932}.Release|x86.Build.0 = Release|Win32
		{F9C1043C-411E-45AF-919D-79918010A096}.Debug|x64.ActiveCfg = Debug|x64
		{F9C1043C-411E-45AF-919D-79918010A096}.Debug|x64.Build.0 = Debug|x64
		{F9C1043C-411E-45AF-919D-79918010A096}.Debug|x86.ActiveCfg = Debug|Win32
		{F9C1043C-411E-45AF-919D-79918010A096}.Debug|x86.Build.0 = Debug|Win32
		{F9C1043C-411E-45AF-919D-79918010A096}.Release|x64.ActiveCfg = Release|x64
		{F9C1043C-411E-45AF-919D-79918010A096}.Release|x64.Build.0 = Release|x64
		{F9C1043C-411E-45AF-919D-79918010A096}.Release|x86.ActiveCfg = Release|Win32
		{F9C1043C-411E-45AF-919D-79918010A096}.Release|x86.Build.0 = Release|Win32
		{443D3C5C-F0A6-4FFD-81B8-9FDC29A5C8D5}.Debug|x64.ActiveCfg = Debug|x64
		{443D3C5C-F0A6-4FFD-81B8-9FDC29A5C8D5}.Debug|x64.Build.0 = Debug|x64
		{443D3C5C-F0A6-4FFD-81B8-9FDC29A5C8D5}.Debug|x86.ActiveCfg = Debug|Win32
		{443D3C5C-F0A6-4FFD-81B8-9FDC29A5C8D5}.Debug|x86.Build.0 = Debug|Win32
		{443D3C5C-F0A6-4FFD-81B8-9FDC29A5C8D5}.Release|x64.ActiveCfg = Release|x64
		{443D3C5C-F0A6-4FFD-81B8-9FDC29A5C8D5}.Release|x64.Build.0 = Release|x64
		{443D3C5C-F0A6-4FFD-81B8-9FDC29A5C8D5}.Release|x86.ActiveCfg = Release|Win32
		{443D3C5C-F0A6-4FFD-81B8-9FDC29A5C8D5}.Release|x86.Build.0 = Release|Win32
		{61F92A74-2677-4010-85B5-FF53F2838186}.Debug|x64.ActiveCfg = Debug|x64
		{61F92A74-2677-4010-85B5-FF53F2838186}.Debug|x64.Build.0 = Debug|x64
		{61F92A74-2677-4010-85B5-FF53F2838186}.Debug|x86.ActiveCfg = Debug|Win32
		{61F92A74-2677-4010-85B5-FF53F2838186}.Debug|x86.Build.0 = Debug|Win32
		{61F92A74-2677-4010-85B5-FF53F2838186}.Release|x64.ActiveCfg = Release|x64
		{61F92A74-2677-4010-85B5-FF53F2838186}.Release|x64.Build.0 = Release|x64
		{61F92A74-2677-4010-85B5-FF53F2838186}.Release|x86.ActiveCfg = Release|Win32
		{61F92A74-2677-4010-85B5-FF53F2838186}.Release|x86.Build.0 = Release|Win32
		{049657CC-CFE0-408B-9B4C-30906F6D42F6}.Debug|x64.ActiveCfg = Debug|x64
		{049657CC-CFE0-408B-9B4C-30906F6D42F6}.Debug|x64.Build.0 = Debug|x64
		{049657CC-CFE0-408B-9B4C-30906F6D42F6}.Debug|x86.ActiveCfg = Debug|Win32
		{049657CC-CFE0-408B-9B4C-30906F6D42F6}.Debug|x86.Build.0 = Debug|Win32
		{049657CC-CFE0-408B-9B4C-30906F6D42F6}.Release|x64.ActiveCfg = Release|x64
		{049657CC-CFE0-408B-9B4C-30906F6D42F6}.Release|x64.Build.0 = Release|x64
		{049657CC-CFE0-408B-9B4C-30906F6D42F6}.Release|x86.ActiveCfg = Release|Win32
		{049657CC-CFE0-408B-9B4C-30906F6D42F6}.Release|x86.Build.0 = Release|Win32
		{3A538B58-E4B0-49AB-B2CB-7E94EB581D8D}.Debug|x64.ActiveCfg = Debug|x64
		{3A538B58-E4B0-49AB-B2CB-7E94EB581D8D}.Debug|x64.Build.0 = Debug|x64
		{3A538B58-E4B0-49AB-B2CB-7E94EB581D8D}.Debug|x86.ActiveCfg = Debug|Win32
		{3A538B58-E4B0-49AB-B2CB-7E94EB581D8D}.Debug|x86.Build.0 = Debug|Win32
		{3A538B58-E4B0-49AB-B2CB-7E94EB581D8D}.Release|x64.ActiveCfg = Release|x64
		{3A538B58-E4B0-49AB-B2CB-7E94EB581D8D}.Release|x64.Build.0 = Release|x64
		{3A538B58-E4B0-49AB-B2CB-7E94EB581D8D}.Release|x86.ActiveCfg = Release|Win32
		{3A538B58-E4B0-49AB-B2CB-7E94EB581D8D}.Release|x86.Build.0 = Release|Win32
		{E1248212-73F0-4483-A33D-E5CA23CB1D62}.Debug|x64.ActiveCfg = Debug|x64
		{E1248212-73F0-4483-A33D-E5CA23CB1D62}.Debug|x64.Build.0 = Debug|x64
		{E1248212-73F0-4483-A33D-E5CA23CB1D62}.Debug|x86.ActiveCfg = Debug|Win32
		{E1248212-73F0-4483-A33D-E5CA23CB1D62}.Debug|x86.Build.0 = Debug|Win32
		{E1248212-73F0-4483-A33D-E5CA23CB1D62}.Release|x64.ActiveCfg = Release|x64
		{E1248212-73F0-4483-A33D-E5CA23CB1D62}.Release|x64.Build.0 = Release|x64
		{E1248212-73F0-4483-A33D-E5CA23CB1D62}.Release|x86.ActiveCfg = Release|Win32
		{E1248212-73F0-4483-A33D-E5CA23CB1D62}.Release|x86.Build.0 = Release|Win32
		{1A2DF1B6-5FCB-49D2-9028-D6E7EBAC6E99}.Debug|x64.ActiveCfg = Debug|x64
		{1A2DF1B6-5FCB-49D2-9028-D6E7EBAC6E99}.Debug|x64.Build.0 = Debug|x64
		{1A2DF1B6-5FCB-49D2-9028-D6E7EBAC6E99}.Debug|x86.ActiveCfg = Debug|Win32
		{1A2DF1B6-5FCB-49D2-9028-D6E7EBAC6E99}.Debug|x86.Build.0 = Debug|Win32
		{1A2DF1B6-5FCB-49D2-9028-D6E7EBAC6E99}.Release|x64.ActiveCfg = Release|x64
		{1A2DF1B6-5FCB-49D2-9028-D6E7EBAC6E99}.Release|x64.Build.0 = Release|x64
		{1A2DF1B6-5FCB-49D2-9028-D6E7EBAC6E99}.Release|x86.ActiveCfg = Release|Win32
		{1A2DF1B6-5FCB-49D2-9028-D6E7EBAC6E99}.Release|x86.Build.0 = Release|Win32
		{12A2A904-3A0F-4DDD-BFAD-773775B4214D}.Debug|x64.ActiveCfg = Debug|x64
		{12A2A904-3A0F-4DDD-BFAD-773775B4214D}.Debug|x64.Build.0 = Debug|x64
		{12A2A904-3A0F-4DDD-BFAD-773775B4214D}.Debug|x86.ActiveCfg = Debug|Win32
		{12A2A904-3A0F-4DDD-BFAD-773775B4214D}.Debug|x86.Build.0 = Debug|Win32
		{12A2A904-3A0F-4DDD-BFAD-773775B4214D}.Release|x64.ActiveCfg = Release|x64
		{12A2A904-3A0F-4DDD-BFAD-773775B4214D}.Release|x64.Build.0 = Release|x64
		{12A2A904-3A0F-4DDD-BFAD-773775B4214D}.Release|x86.ActiveCfg = Release|Win32
		{12A2A904-3A0F-4DDD-BFAD-773775B4214D}.Release|x86.Build.0 = Release|Win32
		{B1CCFB0D-D24B-40D8-8B7F-FAEDC678E17C}.Debug|x64.ActiveCfg = Debug|x64
		{B1CCFB0D-D24B-40D8-8B7F-FAEDC678E17C}.Debug|x64.Build.0 = Debug|x64
		{B1CCFB0D-D24B-40D8-8B7F-FAEDC678E17C}.Debug|x86.ActiveCfg = Debug|Win32
		{B1CCFB0D-D24B-40D8-8B7F-FAEDC678E17C}.Debug|x86.Build.0 = Debug|Win32
		{B1CCFB0D-D24B-40D8-8B7F-FAEDC678E17C}.Release|x64.ActiveCfg = Release|x64
		{B1CCFB0D-D24B-40D8-8B7F-FAEDC678E17C}.Release|x64.Build.0 = Release|x64
		{B1CCFB0D-D24B-40D8-8B7F-FAEDC678E17C}.Release|x86.ActiveCfg = Release|Win32
		{B1CCFB0D-D24B-40D8-8B7F-FAEDC678E17C}.Release|x86.Build.0 = Release|Win32
		{04F941F7-A038-48F5-AFDA-67135E543CF5}.Debug|x64.ActiveCfg = Debug|x64
		{04F941F7-A038-48F5-AFDA-67135E543CF5}.Debug|x64.Build.0 = Debug|x64
		{04F941F7-A038-48F5-AFDA-67135E543CF5}.Debug|x86.ActiveCfg = Debug|Win32
		{04F941F7-A038-48F5-AFDA-67135E543CF5}.Debug|x86.Build.0 = Debug|Win32
		{04F941F7-A038-48F5-AFDA-67135E543CF5}.Release|x64.ActiveCfg = Release|x64
		{04F941F7-A038-48F5-AFDA-67135E543CF5}.Release|x64.Build.0 = Release|x64
		{04F941F7-A038-48F5-AFDA-67135E543CF5}.Release|x86.ActiveCfg = Release|Win32
		{04F941F7-A038-48F5-AFDA-67135E543CF5}.Release|x86.Build.0 = Release|Win32
		{403E517C-A53B-4D93-9403-F6E4C41A3D46}.Debug|x64.ActiveCfg = Debug|x64
		{403E517C-A53B-4D93-9403-F6E4C41A3D46}.Debug|x64.Build.0 = Debug|x64
		{403E517C-A53B-4D93-9403-F6E4C41A3D46}.Debug|x86.ActiveCfg = Debug|Win32
		{403E517C-A53B-4D93-9403-F6E4C41A3D46}.Debug|x86.Build.0 = Debug|Win32
		{403E517C-A53B-4D93-9403-F6E4C41A3D46}.Release|x64.ActiveCfg = Release|x64
		{403E517C-A53B-4D93-9403-F6E4C41A3D46}.Release|x64.Build.0 = Release|x64
		{403E517C-A53B-4D93-9403-F6E4C41A3D46}.Release|x86.ActiveCfg = Release|Win32
		{403E517C-A53B-4D93-9403-F6E4C41A3D46}.Release|x86.Build.0 = Release|Win32
		{DE26B2E2-A1B2-4A2E-A429-ABA5B2D57F4F}.Debug|x64.ActiveCfg = Debug|x64
		{DE26B2E2-A1B2-4A2E-A429-ABA5B2D57F4F}.Debug|x64.Build.0 = Debug|x64
		{DE26B2E2-A1B2-4A2E-A429-ABA5B2D57F4F}.Debug|x86.ActiveCfg = Debug|Win32
		{DE26B2E2-A1B2-4A2E-A429-ABA5B2D57F4F}.Debug|x86.Build.0 = Debug|Win32
		{DE26B2E2-A1B2-4A2E-A429-ABA5B2D57F4F}.Release|x64.ActiveCfg = Release|x64
		{DE26B2E2-A1B2-4A2E-A429-ABA5B2D57F4F}.Release|x64.Build.0 = Release|x64
		{DE26B2E2-A1B2-4A2E-A429-ABA5B2D57F4F}.Release|x86.ActiveCfg = Release|Win32
		{DE26B2E2-A1B2-4A2E-A429-ABA5B2D57F4F}.Release|x86.Build.0 = Release|Win32
		{4834619F-31F1-42F2-B69C-5586B4BDC0C0}.Debug|x64.ActiveCfg = Debug|x64
		{4834619F-31F1-42F2-B69C-5586B4BDC0C0}.Debug|x64.Build.0 = Debug|x64
		{4834619F-31F1-42F2-B69C-5586B4BDC0C0}.Debug|x86.ActiveCfg = Debug|Win32
		{4834619F-31F1-42F2-B69C-5586B4BDC0C0}.Debug|x86.Build.0 = Debug|Win32
		{4834619F-31F1-42F2-B69C-5586B4BDC0C0}.Release|x64.ActiveCfg = Release|x64
		{4834619F-31F1-42F2-B69C-5586B4BDC0C0}.Release|x64.Build.0 = Release|x64
		{4834619F-31F1-42F2-B69C-5586B4BDC0C0}.Release|x86.ActiveCfg = Release|Win32
		{4834619F-31F1-42F2-B69C-5586B4BDC0C0}.Release|x86.Build.0 = Release|Win32
		{C326BE93-D4D3-4FA0-9EBF-A901A213D0CE}.Debug|x64.ActiveCfg = Debug|x64
		{C326BE93-D4D3-4FA0-9EBF-A901A213D0CE}.Debug|x64.Build.0 = Debug|x64
		{C326BE93-D4D3-4FA0-9EBF-A901A213D0CE}.Debug|x86.ActiveCfg = Debug|Win32
		{C326BE93-D4D3-4FA0-9EBF-A901A213D0CE}.Debug|x86.Build.0 = Debug|Win32
		{C326BE93-D4D3-4FA0-9EBF-A901A213D0CE}.Release|x64.ActiveCfg = Release|x64
		{C326BE93-D4D3-4FA0-9EBF-A901A213D0CE}.Release|x64.Build.0 = Release|x64
		{C326BE93-D4D3-4FA0-9EBF-A901A213D0CE}.Release|x86.ActiveCfg = Release|Win32
		{C326BE93-D4D3-4FA0-9EBF-A901A213D0CE}.Release|x86.Build.0 = Release|Win32
		{792CACF2-A1B7-4C5C-B8FE-A820554EDCE9}.Debug|x64.ActiveCfg = Debug|x64
		{792CACF2-A1B7-4C5C-B8FE-A820554EDCE9}.Debug|x64.Build.0 = Debug|x64
		{792CACF2-A1B7-4C5C-B8FE-A820554EDCE9}.Debug|x86.ActiveCfg = Debug|Win32
		{792CACF2-A1B7-4C5C-B8FE-A820554EDCE9}.Debug|x86.Build.0 = Debug|Win32
		{792CACF2-A1B7-4C5C-B8FE-A820554EDCE9}.Release|x64.ActiveCfg = Release|x64
		{792CACF2-A1B7-4C5C-B8FE-A820554EDCE9}.Release|x64.Build.0 = Release|x64
		{792CACF2-A1B7-4C5C-B8FE-A820554EDCE9}.Release|x86.ActiveCfg = Release|Win32
		{792CACF2-A1B7-4C5C-B8FE-A820554EDCE9}.Release|x86.Build.0 = Release|Win32
		{3BC9F795-D404-407B-9664-F92241B27F5C}.Debug|x64.ActiveCfg = Debug|x64
		{3BC9F795-D404-407B-9664-F92241B27F5C}.Debug|x64.Build.0 = Debug|x64
		{3BC9F795-D404-407B-9664-F92241B27F5C}.Debug|x86.ActiveCfg = Debug|Win32
		{3BC9F795-D404-407B-9664-F92241B27F5C}.Debug|x86.Build.0 = Debug|Win32
		{3BC9F795-D404-407B-9664-F92241B27F5C}.Release|x64.ActiveCfg = Release|x64
		{3BC9F795-D404-407B-9664-F92241B27F5C}.Release|x64.Build.0 = Release|x64
		{3BC9F795-D404-407B-9664-F92241B27F5C}.Release|x86.ActiveCfg = Release|Win32
		{3BC9F795-D404-407B-9664-F92241B27F5C}.Release|x86.Build.0 = Release|Win32
		{24434A30-EA37-4429-95C4-3CB53E0A123C}.Debug|x64.ActiveCfg = Debug|x64
		{24434A30-EA37-4429-95C4-3CB53E0A123C}.Debug|x64.Build.0 = Debug|x64
		{24434A30-EA37-4429-95C4-3CB53E0A123C}.Debug|x86.ActiveCfg = Debug|Win32
		{24434A30-EA37-4429-95C4-3CB53E0A123C}.Debug|x86.Build.0 = Debug|Win32
		{24434A30-EA37-4429-95C4-3CB53E0A123C}.Release|x64.ActiveCfg = Release|x64
		{24434A30-EA37-4429-95C4-3CB53E0A123C}.Release|x64.Build.0 = Release|x64
		{24434A30-EA37-4429-95C4-3CB53E0A123C}.Release|x86.ActiveCfg = Release|Win32
		{24434A30-EA37-4429-95C4-3CB53E0A123C}.Release|x86.Build.0 = Release|Win32
		{0D929E2F-B526-4A17-A591-A8F404EFE1AE}.Debug|x64.ActiveCfg = Debug|x64
		{0D929E2F-B526-4A17-A591-A8F404EFE1AE}.Debug|x64.Build.0 = Debug|x64
		{0D929E2F-B526-4A17-A591-A8F404EFE1AE}.Debug|x86.ActiveCfg = Debug|Win32
		{0D929E2F-B526-4A17-A591-A8F404EFE1AE}.Debug|x86.Build.0 = Debug|Win32
		{0D929E2F-B526-4A17-A591-A8F404EFE1AE}.Release|x64.ActiveCfg = Release|x64
		{0D929E2F-B526-4A17-A591-A8F404EFE1AE}.Release|x64.Build.0 = Release|x64
		{0D929E2F-B526-4A17-A591-A8F404EFE1AE}.Release|x86.ActiveCfg = Release|Win32
		{0D929E2F-B526-4A17-A591-A8F404EFE1AE}.Release|x86.Build.0 = Release|Win32
	EndGlobalSection
	GlobalSection(SolutionProperties) = preSolution
		HideSolutionNode = FALSE
	EndGlobalSection
	GlobalSection(NestedProjects) = preSolution
		{F3AEB68C-7479-4520-A86C-3846373B2F9C} = {62FBD6BD-094C-4E89-8ECE-A7A44B89213F}
		{77371AFD-D913-4A75-B3C9-22B114AACEED} = {62FBD6BD-094C-4E89-8ECE-A7A44B89213F}
		{82C91BEC-5BA3-4FBC-A0DE-F82AEADB7436} = {62FBD6BD-094C-4E89-8ECE-A7A44B89213F}
		{40552734-49BA-4687-8507-15283BBD475F} = {E2065AD3-3603-479E-8F56-74D506617137}
		{EE978E9F-D1C2-4483-8BD1-05EB8C1FDEBD} = {E2065AD3-3603-479E-8F56-74D506617137}
		{D689D4AD-5138-4FA5-8AAB-CA806BE80661} = {E2065AD3-3603-479E-8F56-74D506617137}
		{ABB4A222-A457-4019-8CDD-99403E664932} = {E2065AD3-3603-479E-8F56-74D506617137}
		{F9C1043C-411E-45AF-919D-79918010A096} = {E2065AD3-3603-479E-8F56-74D506617137}
		{443D3C5C-F0A6-4FFD-81B8-9FDC29A5C8D5} = {E2065AD3-3603-479E-8F56-74D506617137}
		{61F92A74-2677-4010-85B5-FF53F2838186} = {E2065AD3-3603-479E-8F56-74D506617137}
		{049657CC-CFE0-408B-9B4C-30906F6D42F6} = {6EBD8DEE-6968-4C15-A481-F0BF736C096C}
		{3A538B58-E4B0-49AB-B2CB-7E94EB581D8D} = {6EBD8DEE-6968-4C15-A481-F0BF736C096C}
		{E1248212-73F0-4483-A33D-E5CA23CB1D62} = {6EBD8DEE-6968-4C15-A481-F0BF736C096C}
		{1A2DF1B6-5FCB-49D2-9028-D6E7EBAC6E99} = {17656A28-A308-4370-9F4C-F16BB328FA17}
		{12A2A904-3A0F-4DDD-BFAD-773775B4214D} = {17656A28-A308-4370-9F4C-F16BB328FA17}
		{B1CCFB0D-D24B-40D8-8B7F-FAEDC678E17C} = {17656A28-A308-4370-9F4C-F16BB328FA17}
		{04F941F7-A038-48F5-AFDA-67135E543CF5} = {17656A28-A308-4370-9F4C-F16BB328FA17}
		{403E517C-A53B-4D93-9403-F6E4C41A3D46} = {17656A28-A308-4370-9F4C-F16BB328FA17}
		{DE26B2E2-A1B2-4A2E-A429-ABA5B2D57F4F} = {716903D9-7F07-4D36-81DA-5162058A0E1B}
		{4834619F-31F1-42F2-B69C-5586B4BDC0C0} = {716903D9-7F07-4D36-81DA-5162058A0E1B}
		{C326BE93-D4D3-4FA0-9EBF-A901A213D0CE} = {4F0DA8D7-A046-4B0B-96CF-D89BAA41E5E3}
		{792CACF2-A1B7-4C5C-B8FE-A820554EDCE9} = {4F0DA8D7-A046-4B0B-96CF-D89BAA41E5E3}
		{3BC9F795-D404-407B-9664-F92241B27F5C} = {716903D9-7F07-4D36-81DA-5162058A0E1B}
		{24434A30-EA37-4429-95C4-3CB53E0A123C} = {716903D9-7F07-4D36-81DA-5162058A0E1B}
		{0D929E2F-B526-4A17-A591-A8F404EFE1AE} = {716903D9-7F07-4D36-81DA-5162058A0E1B}
	EndGlobalSection
EndGlobal
