
Microsoft Visual Studio Solution File, Format Version 12.00
# Visual Studio 14
VisualStudioVersion = 14.0.23107.0
MinimumVisualStudioVersion = 10.0.40219.1
Project("{8BC9CEB8-8B4A-11D0-8D11-00A0C91BC942}") = "FonksiyonOrnek4", "FonksiyonOrnek4.vcxproj", "{86DDF2C7-50E9-4404-9664-F4D1605D6AA0}"
EndProject
Global
	GlobalSection(SolutionConfigurationPlatforms) = preSolution
		Debug|x64 = Debug|x64
		Debug|x86 = Debug|x86
		Release|x64 = Release|x64
		Release|x86 = Release|x86
	EndGlobalSection
	GlobalSection(ProjectConfigurationPlatforms) = postSolution
		{86DDF2C7-50E9-4404-9664-F4D1605D6AA0}.Debug|x64.ActiveCfg = Debug|x64
		{86DDF2C7-50E9-4404-9664-F4D1605D6AA0}.Debug|x64.Build.0 = Debug|x64
		{86DDF2C7-50E9-4404-9664-F4D1605D6AA0}.Debug|x86.ActiveCfg = Debug|Win32
		{86DDF2C7-50E9-4404-9664-F4D1605D6AA0}.Debug|x86.Build.0 = Debug|Win32
		{86DDF2C7-50E9-4404-9664-F4D1605D6AA0}.Release|x64.ActiveCfg = Release|x64
		{86DDF2C7-50E9-4404-9664-F4D1605D6AA0}.Release|x64.Build.0 = Release|x64
		{86DDF2C7-50E9-4404-9664-F4D1605D6AA0}.Release|x86.ActiveCfg = Release|Win32
		{86DDF2C7-50E9-4404-9664-F4D1605D6AA0}.Release|x86.Build.0 = Release|Win32
	EndGlobalSection
	GlobalSection(SolutionProperties) = preSolution
		HideSolutionNode = FALSE
	EndGlobalSection
EndGlobal
